
Microsoft Visual Studio Solution File, Format Version 12.00
# Visual Studio Version 16
VisualStudioVersion = 16.0.29709.97
MinimumVisualStudioVersion = 10.0.40219.1
Project("{FAE04EC0-301F-11D3-BF4B-00C04F79EFBC}") = "StudentPortal", "StudentPortal\StudentPortal.csproj", "{D7EEDFE5-3A64-42C7-AAA4-E8A521B5203E}"
EndProject
Global
	GlobalSection(SolutionConfigurationPlatforms) = preSolution
		Debug|Any CPU = Debug|Any CPU
		Release|Any CPU = Release|Any CPU
	EndGlobalSection
	GlobalSection(ProjectConfigurationPlatforms) = postSolution
		{D7EEDFE5-3A64-42C7-AAA4-E8A521B5203E}.Debug|Any CPU.ActiveCfg = Debug|Any CPU
		{D7EEDFE5-3A64-42C7-AAA4-E8A521B5203E}.Debug|Any CPU.Build.0 = Debug|Any CPU
		{D7EEDFE5-3A64-42C7-AAA4-E8A521B5203E}.Release|Any CPU.ActiveCfg = Release|Any CPU
		{D7EEDFE5-3A64-42C7-AAA4-E8A521B5203E}.Release|Any CPU.Build.0 = Release|Any CPU
	EndGlobalSection
	GlobalSection(SolutionProperties) = preSolution
		HideSolutionNode = FALSE
	EndGlobalSection
	GlobalSection(ExtensibilityGlobals) = postSolution
		SolutionGuid = {E832B85D-DA8C-4E59-8E4C-8327EAA560C9}
	EndGlobalSection
EndGlobal
