
Microsoft Visual Studio Solution File, Format Version 12.00
# Visual Studio Version 16
VisualStudioVersion = 16.0.29709.97
MinimumVisualStudioVersion = 10.0.40219.1
Project("{2150E333-8FDC-42A3-9474-1A3956D46DE8}") = "BLL", "BLL", "{86EA9123-F704-4DD9-9765-898BF877352B}"
EndProject
Project("{2150E333-8FDC-42A3-9474-1A3956D46DE8}") = "Service", "Service", "{75F6FF45-BD74-459C-8F12-69B21A3819F9}"
EndProject
Project("{2150E333-8FDC-42A3-9474-1A3956D46DE8}") = "DAL", "DAL", "{EC0C3F10-8D2B-4493-BF50-1C3942D390E0}"
EndProject
Project("{2150E333-8FDC-42A3-9474-1A3956D46DE8}") = "Library", "Library", "{8582C983-8488-4BAF-A3A3-E425100CF66A}"
EndProject
Project("{2150E333-8FDC-42A3-9474-1A3956D46DE8}") = "Common", "Common", "{7184902F-8605-4543-8646-0D3CA6EFA730}"
EndProject
Project("{2150E333-8FDC-42A3-9474-1A3956D46DE8}") = "DTO", "DTO", "{9F8DA3AF-F508-4A30-9C7C-FE76568A08C3}"
EndProject
Project("{9A19103F-16F7-4668-BE54-9A1E7A4F7556}") = "StudentPortal.DTO", "StudentPortal.DTO\StudentPortal.DTO.csproj", "{1665D89D-A621-41D4-97B9-85FE2B99F538}"
EndProject
Project("{9A19103F-16F7-4668-BE54-9A1E7A4F7556}") = "StudentPortal.Common", "StudentPortal.Common\StudentPortal.Common.csproj", "{413FFF01-E090-4937-9670-5A455BD3F859}"
EndProject
Project("{9A19103F-16F7-4668-BE54-9A1E7A4F7556}") = "StudentPortal.DAL", "StudentPortal.DAL\StudentPortal.DAL.csproj", "{A173D2DE-092A-47A1-BCAC-83626C2637ED}"
EndProject
Project("{9A19103F-16F7-4668-BE54-9A1E7A4F7556}") = "StudentPortal.Service", "StudentPortal.Service\StudentPortal.Service.csproj", "{1D077FDA-C589-42C1-8A8E-6FD6F87AC7C3}"
EndProject
Project("{FAE04EC0-301F-11D3-BF4B-00C04F79EFBC}") = "SecurityBLLManager", "SecurityBLLManager\SecurityBLLManager.csproj", "{FE1AD245-1E6D-4808-A799-514B7D9FE20D}"
EndProject
Global
	GlobalSection(SolutionConfigurationPlatforms) = preSolution
		Debug|Any CPU = Debug|Any CPU
		Release|Any CPU = Release|Any CPU
	EndGlobalSection
	GlobalSection(ProjectConfigurationPlatforms) = postSolution
		{1665D89D-A621-41D4-97B9-85FE2B99F538}.Debug|Any CPU.ActiveCfg = Debug|Any CPU
		{1665D89D-A621-41D4-97B9-85FE2B99F538}.Debug|Any CPU.Build.0 = Debug|Any CPU
		{1665D89D-A621-41D4-97B9-85FE2B99F538}.Release|Any CPU.ActiveCfg = Release|Any CPU
		{1665D89D-A621-41D4-97B9-85FE2B99F538}.Release|Any CPU.Build.0 = Release|Any CPU
		{413FFF01-E090-4937-9670-5A455BD3F859}.Debug|Any CPU.ActiveCfg = Debug|Any CPU
		{413FFF01-E090-4937-9670-5A455BD3F859}.Debug|Any CPU.Build.0 = Debug|Any CPU
		{413FFF01-E090-4937-9670-5A455BD3F859}.Release|Any CPU.ActiveCfg = Release|Any CPU
		{413FFF01-E090-4937-9670-5A455BD3F859}.Release|Any CPU.Build.0 = Release|Any CPU
		{A173D2DE-092A-47A1-BCAC-83626C2637ED}.Debug|Any CPU.ActiveCfg = Debug|Any CPU
		{A173D2DE-092A-47A1-BCAC-83626C2637ED}.Debug|Any CPU.Build.0 = Debug|Any CPU
		{A173D2DE-092A-47A1-BCAC-83626C2637ED}.Release|Any CPU.ActiveCfg = Release|Any CPU
		{A173D2DE-092A-47A1-BCAC-83626C2637ED}.Release|Any CPU.Build.0 = Release|Any CPU
		{1D077FDA-C589-42C1-8A8E-6FD6F87AC7C3}.Debug|Any CPU.ActiveCfg = Debug|Any CPU
		{1D077FDA-C589-42C1-8A8E-6FD6F87AC7C3}.Debug|Any CPU.Build.0 = Debug|Any CPU
		{1D077FDA-C589-42C1-8A8E-6FD6F87AC7C3}.Release|Any CPU.ActiveCfg = Release|Any CPU
		{1D077FDA-C589-42C1-8A8E-6FD6F87AC7C3}.Release|Any CPU.Build.0 = Release|Any CPU
		{FE1AD245-1E6D-4808-A799-514B7D9FE20D}.Debug|Any CPU.ActiveCfg = Debug|Any CPU
		{FE1AD245-1E6D-4808-A799-514B7D9FE20D}.Debug|Any CPU.Build.0 = Debug|Any CPU
		{FE1AD245-1E6D-4808-A799-514B7D9FE20D}.Release|Any CPU.ActiveCfg = Release|Any CPU
		{FE1AD245-1E6D-4808-A799-514B7D9FE20D}.Release|Any CPU.Build.0 = Release|Any CPU
	EndGlobalSection
	GlobalSection(SolutionProperties) = preSolution
		HideSolutionNode = FALSE
	EndGlobalSection
	GlobalSection(NestedProjects) = preSolution
		{7184902F-8605-4543-8646-0D3CA6EFA730} = {8582C983-8488-4BAF-A3A3-E425100CF66A}
		{9F8DA3AF-F508-4A30-9C7C-FE76568A08C3} = {8582C983-8488-4BAF-A3A3-E425100CF66A}
		{1665D89D-A621-41D4-97B9-85FE2B99F538} = {9F8DA3AF-F508-4A30-9C7C-FE76568A08C3}
		{413FFF01-E090-4937-9670-5A455BD3F859} = {7184902F-8605-4543-8646-0D3CA6EFA730}
		{A173D2DE-092A-47A1-BCAC-83626C2637ED} = {EC0C3F10-8D2B-4493-BF50-1C3942D390E0}
		{1D077FDA-C589-42C1-8A8E-6FD6F87AC7C3} = {75F6FF45-BD74-459C-8F12-69B21A3819F9}
		{FE1AD245-1E6D-4808-A799-514B7D9FE20D} = {86EA9123-F704-4DD9-9765-898BF877352B}
	EndGlobalSection
	GlobalSection(ExtensibilityGlobals) = postSolution
		SolutionGuid = {E832B85D-DA8C-4E59-8E4C-8327EAA560C9}
	EndGlobalSection
EndGlobal
